
Microsoft Visual Studio Solution File, Format Version 12.00
# Visual Studio 2013
VisualStudioVersion = 12.0.21005.1
MinimumVisualStudioVersion = 10.0.40219.1
Project("{2150E333-8FDC-42A3-9474-1A3956D46DE8}") = ".nuget", ".nuget", "{2A46E8AF-A14F-48CE-A54A-7E755B8FD16B}"
	ProjectSection(SolutionItems) = preProject
		.nuget\NuGet.Config = .nuget\NuGet.Config
		.nuget\NuGet.exe = .nuget\NuGet.exe
		.nuget\NuGet.targets = .nuget\NuGet.targets
	EndProjectSection
EndProject
Project("{FAE04EC0-301F-11D3-BF4B-00C04F79EFBC}") = "CM.Api", "CM.Api\CM.Api.csproj", "{FE55B250-0204-45F5-8CEB-A87B0164E961}"
EndProject
Project("{FAE04EC0-301F-11D3-BF4B-00C04F79EFBC}") = "CM.Base", "CM.Base\CM.Base.csproj", "{B470A527-3F08-40A2-B837-64549B1EBEAF}"
EndProject
Global
	GlobalSection(SolutionConfigurationPlatforms) = preSolution
		Debug|Any CPU = Debug|Any CPU
		Release|Any CPU = Release|Any CPU
	EndGlobalSection
	GlobalSection(ProjectConfigurationPlatforms) = postSolution
		{FE55B250-0204-45F5-8CEB-A87B0164E961}.Debug|Any CPU.ActiveCfg = Debug|Any CPU
		{FE55B250-0204-45F5-8CEB-A87B0164E961}.Debug|Any CPU.Build.0 = Debug|Any CPU
		{FE55B250-0204-45F5-8CEB-A87B0164E961}.Release|Any CPU.ActiveCfg = Release|Any CPU
		{FE55B250-0204-45F5-8CEB-A87B0164E961}.Release|Any CPU.Build.0 = Release|Any CPU
		{B470A527-3F08-40A2-B837-64549B1EBEAF}.Debug|Any CPU.ActiveCfg = Debug|Any CPU
		{B470A527-3F08-40A2-B837-64549B1EBEAF}.Debug|Any CPU.Build.0 = Debug|Any CPU
		{B470A527-3F08-40A2-B837-64549B1EBEAF}.Release|Any CPU.ActiveCfg = Release|Any CPU
		{B470A527-3F08-40A2-B837-64549B1EBEAF}.Release|Any CPU.Build.0 = Release|Any CPU
	EndGlobalSection
	GlobalSection(SolutionProperties) = preSolution
		HideSolutionNode = FALSE
	EndGlobalSection
EndGlobal
